
Microsoft Visual Studio Solution File, Format Version 12.00
# Visual Studio 15
VisualStudioVersion = 15.0.28010.2016
MinimumVisualStudioVersion = 10.0.40219.1
Project("{FAE04EC0-301F-11D3-BF4B-00C04F79EFBC}") = "ThemePlayground.Android", "ThemePlayground\ThemePlayground.Android\ThemePlayground.Android.csproj", "{EE399DD8-20E8-4EB4-A6D2-29EB3B570112}"
EndProject
Project("{FAE04EC0-301F-11D3-BF4B-00C04F79EFBC}") = "ThemePlayground.iOS", "ThemePlayground\ThemePlayground.iOS\ThemePlayground.iOS.csproj", "{3620ABBF-6D94-44A4-AE7B-C220A5F502BF}"
EndProject
Project("{FAE04EC0-301F-11D3-BF4B-00C04F79EFBC}") = "ThemePlayground.UWP", "ThemePlayground\ThemePlayground.UWP\ThemePlayground.UWP.csproj", "{092FC647-1C1E-4329-AAF1-052571D82E86}"
EndProject
Project("{FAE04EC0-301F-11D3-BF4B-00C04F79EFBC}") = "ThemePlayground", "ThemePlayground\ThemePlayground\ThemePlayground.csproj", "{B6989F8B-FCD6-4467-8BE7-CCBCE05ABF15}"
EndProject
Global
	GlobalSection(SolutionConfigurationPlatforms) = preSolution
		Ad-Hoc|Any CPU = Ad-Hoc|Any CPU
		Ad-Hoc|ARM = Ad-Hoc|ARM
		Ad-Hoc|iPhone = Ad-Hoc|iPhone
		Ad-Hoc|iPhoneSimulator = Ad-Hoc|iPhoneSimulator
		Ad-Hoc|x64 = Ad-Hoc|x64
		Ad-Hoc|x86 = Ad-Hoc|x86
		AppStore|Any CPU = AppStore|Any CPU
		AppStore|ARM = AppStore|ARM
		AppStore|iPhone = AppStore|iPhone
		AppStore|iPhoneSimulator = AppStore|iPhoneSimulator
		AppStore|x64 = AppStore|x64
		AppStore|x86 = AppStore|x86
		Debug|Any CPU = Debug|Any CPU
		Debug|ARM = Debug|ARM
		Debug|iPhone = Debug|iPhone
		Debug|iPhoneSimulator = Debug|iPhoneSimulator
		Debug|x64 = Debug|x64
		Debug|x86 = Debug|x86
		Release|Any CPU = Release|Any CPU
		Release|ARM = Release|ARM
		Release|iPhone = Release|iPhone
		Release|iPhoneSimulator = Release|iPhoneSimulator
		Release|x64 = Release|x64
		Release|x86 = Release|x86
	EndGlobalSection
	GlobalSection(ProjectConfigurationPlatforms) = postSolution
		{EE399DD8-20E8-4EB4-A6D2-29EB3B570112}.Ad-Hoc|Any CPU.ActiveCfg = Release|Any CPU
		{EE399DD8-20E8-4EB4-A6D2-29EB3B570112}.Ad-Hoc|Any CPU.Build.0 = Release|Any CPU
		{EE399DD8-20E8-4EB4-A6D2-29EB3B570112}.Ad-Hoc|Any CPU.Deploy.0 = Release|Any CPU
		{EE399DD8-20E8-4EB4-A6D2-29EB3B570112}.Ad-Hoc|ARM.ActiveCfg = Release|Any CPU
		{EE399DD8-20E8-4EB4-A6D2-29EB3B570112}.Ad-Hoc|ARM.Build.0 = Release|Any CPU
		{EE399DD8-20E8-4EB4-A6D2-29EB3B570112}.Ad-Hoc|ARM.Deploy.0 = Release|Any CPU
		{EE399DD8-20E8-4EB4-A6D2-29EB3B570112}.Ad-Hoc|iPhone.ActiveCfg = Release|Any CPU
		{EE399DD8-20E8-4EB4-A6D2-29EB3B570112}.Ad-Hoc|iPhone.Build.0 = Release|Any CPU
		{EE399DD8-20E8-4EB4-A6D2-29EB3B570112}.Ad-Hoc|iPhone.Deploy.0 = Release|Any CPU
		{EE399DD8-20E8-4EB4-A6D2-29EB3B570112}.Ad-Hoc|iPhoneSimulator.ActiveCfg = Release|Any CPU
		{EE399DD8-20E8-4EB4-A6D2-29EB3B570112}.Ad-Hoc|iPhoneSimulator.Build.0 = Release|Any CPU
		{EE399DD8-20E8-4EB4-A6D2-29EB3B570112}.Ad-Hoc|iPhoneSimulator.Deploy.0 = Release|Any CPU
		{EE399DD8-20E8-4EB4-A6D2-29EB3B570112}.Ad-Hoc|x64.ActiveCfg = Release|Any CPU
		{EE399DD8-20E8-4EB4-A6D2-29EB3B570112}.Ad-Hoc|x64.Build.0 = Release|Any CPU
		{EE399DD8-20E8-4EB4-A6D2-29EB3B570112}.Ad-Hoc|x64.Deploy.0 = Release|Any CPU
		{EE399DD8-20E8-4EB4-A6D2-29EB3B570112}.Ad-Hoc|x86.ActiveCfg = Release|Any CPU
		{EE399DD8-20E8-4EB4-A6D2-29EB3B570112}.Ad-Hoc|x86.Build.0 = Release|Any CPU
		{EE399DD8-20E8-4EB4-A6D2-29EB3B570112}.Ad-Hoc|x86.Deploy.0 = Release|Any CPU
		{EE399DD8-20E8-4EB4-A6D2-29EB3B570112}.AppStore|Any CPU.ActiveCfg = Release|Any CPU
		{EE399DD8-20E8-4EB4-A6D2-29EB3B570112}.AppStore|Any CPU.Build.0 = Release|Any CPU
		{EE399DD8-20E8-4EB4-A6D2-29EB3B570112}.AppStore|Any CPU.Deploy.0 = Release|Any CPU
		{EE399DD8-20E8-4EB4-A6D2-29EB3B570112}.AppStore|ARM.ActiveCfg = Release|Any CPU
		{EE399DD8-20E8-4EB4-A6D2-29EB3B570112}.AppStore|ARM.Build.0 = Release|Any CPU
		{EE399DD8-20E8-4EB4-A6D2-29EB3B570112}.AppStore|ARM.Deploy.0 = Release|Any CPU
		{EE399DD8-20E8-4EB4-A6D2-29EB3B570112}.AppStore|iPhone.ActiveCfg = Release|Any CPU
		{EE399DD8-20E8-4EB4-A6D2-29EB3B570112}.AppStore|iPhone.Build.0 = Release|Any CPU
		{EE399DD8-20E8-4EB4-A6D2-29EB3B570112}.AppStore|iPhone.Deploy.0 = Release|Any CPU
		{EE399DD8-20E8-4EB4-A6D2-29EB3B570112}.AppStore|iPhoneSimulator.ActiveCfg = Release|Any CPU
		{EE399DD8-20E8-4EB4-A6D2-29EB3B570112}.AppStore|iPhoneSimulator.Build.0 = Release|Any CPU
		{EE399DD8-20E8-4EB4-A6D2-29EB3B570112}.AppStore|iPhoneSimulator.Deploy.0 = Release|Any CPU
		{EE399DD8-20E8-4EB4-A6D2-29EB3B570112}.AppStore|x64.ActiveCfg = Release|Any CPU
		{EE399DD8-20E8-4EB4-A6D2-29EB3B570112}.AppStore|x64.Build.0 = Release|Any CPU
		{EE399DD8-20E8-4EB4-A6D2-29EB3B570112}.AppStore|x64.Deploy.0 = Release|Any CPU
		{EE399DD8-20E8-4EB4-A6D2-29EB3B570112}.AppStore|x86.ActiveCfg = Release|Any CPU
		{EE399DD8-20E8-4EB4-A6D2-29EB3B570112}.AppStore|x86.Build.0 = Release|Any CPU
		{EE399DD8-20E8-4EB4-A6D2-29EB3B570112}.AppStore|x86.Deploy.0 = Release|Any CPU
		{EE399DD8-20E8-4EB4-A6D2-29EB3B570112}.Debug|Any CPU.ActiveCfg = Debug|Any CPU
		{EE399DD8-20E8-4EB4-A6D2-29EB3B570112}.Debug|Any CPU.Build.0 = Debug|Any CPU
		{EE399DD8-20E8-4EB4-A6D2-29EB3B570112}.Debug|Any CPU.Deploy.0 = Debug|Any CPU
		{EE399DD8-20E8-4EB4-A6D2-29EB3B570112}.Debug|ARM.ActiveCfg = Debug|Any CPU
		{EE399DD8-20E8-4EB4-A6D2-29EB3B570112}.Debug|ARM.Build.0 = Debug|Any CPU
		{EE399DD8-20E8-4EB4-A6D2-29EB3B570112}.Debug|ARM.Deploy.0 = Debug|Any CPU
		{EE399DD8-20E8-4EB4-A6D2-29EB3B570112}.Debug|iPhone.ActiveCfg = Debug|Any CPU
		{EE399DD8-20E8-4EB4-A6D2-29EB3B570112}.Debug|iPhone.Build.0 = Debug|Any CPU
		{EE399DD8-20E8-4EB4-A6D2-29EB3B570112}.Debug|iPhone.Deploy.0 = Debug|Any CPU
		{EE399DD8-20E8-4EB4-A6D2-29EB3B570112}.Debug|iPhoneSimulator.ActiveCfg = Debug|Any CPU
		{EE399DD8-20E8-4EB4-A6D2-29EB3B570112}.Debug|iPhoneSimulator.Build.0 = Debug|Any CPU
		{EE399DD8-20E8-4EB4-A6D2-29EB3B570112}.Debug|iPhoneSimulator.Deploy.0 = Debug|Any CPU
		{EE399DD8-20E8-4EB4-A6D2-29EB3B570112}.Debug|x64.ActiveCfg = Debug|Any CPU
		{EE399DD8-20E8-4EB4-A6D2-29EB3B570112}.Debug|x64.Build.0 = Debug|Any CPU
		{EE399DD8-20E8-4EB4-A6D2-29EB3B570112}.Debug|x64.Deploy.0 = Debug|Any CPU
		{EE399DD8-20E8-4EB4-A6D2-29EB3B570112}.Debug|x86.ActiveCfg = Debug|Any CPU
		{EE399DD8-20E8-4EB4-A6D2-29EB3B570112}.Debug|x86.Build.0 = Debug|Any CPU
		{EE399DD8-20E8-4EB4-A6D2-29EB3B570112}.Debug|x86.Deploy.0 = Debug|Any CPU
		{EE399DD8-20E8-4EB4-A6D2-29EB3B570112}.Release|Any CPU.ActiveCfg = Release|Any CPU
		{EE399DD8-20E8-4EB4-A6D2-29EB3B570112}.Release|Any CPU.Build.0 = Release|Any CPU
		{EE399DD8-20E8-4EB4-A6D2-29EB3B570112}.Release|Any CPU.Deploy.0 = Release|Any CPU
		{EE399DD8-20E8-4EB4-A6D2-29EB3B570112}.Release|ARM.ActiveCfg = Release|Any CPU
		{EE399DD8-20E8-4EB4-A6D2-29EB3B570112}.Release|ARM.Build.0 = Release|Any CPU
		{EE399DD8-20E8-4EB4-A6D2-29EB3B570112}.Release|ARM.Deploy.0 = Release|Any CPU
		{EE399DD8-20E8-4EB4-A6D2-29EB3B570112}.Release|iPhone.ActiveCfg = Release|Any CPU
		{EE399DD8-20E8-4EB4-A6D2-29EB3B570112}.Release|iPhone.Build.0 = Release|Any CPU
		{EE399DD8-20E8-4EB4-A6D2-29EB3B570112}.Release|iPhone.Deploy.0 = Release|Any CPU
		{EE399DD8-20E8-4EB4-A6D2-29EB3B570112}.Release|iPhoneSimulator.ActiveCfg = Release|Any CPU
		{EE399DD8-20E8-4EB4-A6D2-29EB3B570112}.Release|iPhoneSimulator.Build.0 = Release|Any CPU
		{EE399DD8-20E8-4EB4-A6D2-29EB3B570112}.Release|iPhoneSimulator.Deploy.0 = Release|Any CPU
		{EE399DD8-20E8-4EB4-A6D2-29EB3B570112}.Release|x64.ActiveCfg = Release|Any CPU
		{EE399DD8-20E8-4EB4-A6D2-29EB3B570112}.Release|x64.Build.0 = Release|Any CPU
		{EE399DD8-20E8-4EB4-A6D2-29EB3B570112}.Release|x64.Deploy.0 = Release|Any CPU
		{EE399DD8-20E8-4EB4-A6D2-29EB3B570112}.Release|x86.ActiveCfg = Release|Any CPU
		{EE399DD8-20E8-4EB4-A6D2-29EB3B570112}.Release|x86.Build.0 = Release|Any CPU
		{EE399DD8-20E8-4EB4-A6D2-29EB3B570112}.Release|x86.Deploy.0 = Release|Any CPU
		{3620ABBF-6D94-44A4-AE7B-C220A5F502BF}.Ad-Hoc|Any CPU.ActiveCfg = Ad-Hoc|iPhone
		{3620ABBF-6D94-44A4-AE7B-C220A5F502BF}.Ad-Hoc|Any CPU.Build.0 = Ad-Hoc|iPhone
		{3620ABBF-6D94-44A4-AE7B-C220A5F502BF}.Ad-Hoc|Any CPU.Deploy.0 = Ad-Hoc|iPhone
		{3620ABBF-6D94-44A4-AE7B-C220A5F502BF}.Ad-Hoc|ARM.ActiveCfg = Ad-Hoc|iPhone
		{3620ABBF-6D94-44A4-AE7B-C220A5F502BF}.Ad-Hoc|ARM.Build.0 = Ad-Hoc|iPhone
		{3620ABBF-6D94-44A4-AE7B-C220A5F502BF}.Ad-Hoc|ARM.Deploy.0 = Ad-Hoc|iPhone
		{3620ABBF-6D94-44A4-AE7B-C220A5F502BF}.Ad-Hoc|iPhone.ActiveCfg = Ad-Hoc|iPhone
		{3620ABBF-6D94-44A4-AE7B-C220A5F502BF}.Ad-Hoc|iPhone.Build.0 = Ad-Hoc|iPhone
		{3620ABBF-6D94-44A4-AE7B-C220A5F502BF}.Ad-Hoc|iPhone.Deploy.0 = Ad-Hoc|iPhone
		{3620ABBF-6D94-44A4-AE7B-C220A5F502BF}.Ad-Hoc|iPhoneSimulator.ActiveCfg = Ad-Hoc|iPhoneSimulator
		{3620ABBF-6D94-44A4-AE7B-C220A5F502BF}.Ad-Hoc|iPhoneSimulator.Build.0 = Ad-Hoc|iPhoneSimulator
		{3620ABBF-6D94-44A4-AE7B-C220A5F502BF}.Ad-Hoc|iPhoneSimulator.Deploy.0 = Ad-Hoc|iPhoneSimulator
		{3620ABBF-6D94-44A4-AE7B-C220A5F502BF}.Ad-Hoc|x64.ActiveCfg = Ad-Hoc|iPhone
		{3620ABBF-6D94-44A4-AE7B-C220A5F502BF}.Ad-Hoc|x64.Build.0 = Ad-Hoc|iPhone
		{3620ABBF-6D94-44A4-AE7B-C220A5F502BF}.Ad-Hoc|x64.Deploy.0 = Ad-Hoc|iPhone
		{3620ABBF-6D94-44A4-AE7B-C220A5F502BF}.Ad-Hoc|x86.ActiveCfg = Ad-Hoc|iPhone
		{3620ABBF-6D94-44A4-AE7B-C220A5F502BF}.Ad-Hoc|x86.Build.0 = Ad-Hoc|iPhone
		{3620ABBF-6D94-44A4-AE7B-C220A5F502BF}.Ad-Hoc|x86.Deploy.0 = Ad-Hoc|iPhone
		{3620ABBF-6D94-44A4-AE7B-C220A5F502BF}.AppStore|Any CPU.ActiveCfg = AppStore|iPhone
		{3620ABBF-6D94-44A4-AE7B-C220A5F502BF}.AppStore|Any CPU.Build.0 = AppStore|iPhone
		{3620ABBF-6D94-44A4-AE7B-C220A5F502BF}.AppStore|Any CPU.Deploy.0 = AppStore|iPhone
		{3620ABBF-6D94-44A4-AE7B-C220A5F502BF}.AppStore|ARM.ActiveCfg = AppStore|iPhone
		{3620ABBF-6D94-44A4-AE7B-C220A5F502BF}.AppStore|ARM.Build.0 = AppStore|iPhone
		{3620ABBF-6D94-44A4-AE7B-C220A5F502BF}.AppStore|ARM.Deploy.0 = AppStore|iPhone
		{3620ABBF-6D94-44A4-AE7B-C220A5F502BF}.AppStore|iPhone.ActiveCfg = AppStore|iPhone
		{3620ABBF-6D94-44A4-AE7B-C220A5F502BF}.AppStore|iPhone.Build.0 = AppStore|iPhone
		{3620ABBF-6D94-44A4-AE7B-C220A5F502BF}.AppStore|iPhone.Deploy.0 = AppStore|iPhone
		{3620ABBF-6D94-44A4-AE7B-C220A5F502BF}.AppStore|iPhoneSimulator.ActiveCfg = AppStore|iPhoneSimulator
		{3620ABBF-6D94-44A4-AE7B-C220A5F502BF}.AppStore|iPhoneSimulator.Build.0 = AppStore|iPhoneSimulator
		{3620ABBF-6D94-44A4-AE7B-C220A5F502BF}.AppStore|iPhoneSimulator.Deploy.0 = AppStore|iPhoneSimulator
		{3620ABBF-6D94-44A4-AE7B-C220A5F502BF}.AppStore|x64.ActiveCfg = AppStore|iPhone
		{3620ABBF-6D94-44A4-AE7B-C220A5F502BF}.AppStore|x64.Build.0 = AppStore|iPhone
		{3620ABBF-6D94-44A4-AE7B-C220A5F502BF}.AppStore|x64.Deploy.0 = AppStore|iPhone
		{3620ABBF-6D94-44A4-AE7B-C220A5F502BF}.AppStore|x86.ActiveCfg = AppStore|iPhone
		{3620ABBF-6D94-44A4-AE7B-C220A5F502BF}.AppStore|x86.Build.0 = AppStore|iPhone
		{3620ABBF-6D94-44A4-AE7B-C220A5F502BF}.AppStore|x86.Deploy.0 = AppStore|iPhone
		{3620ABBF-6D94-44A4-AE7B-C220A5F502BF}.Debug|Any CPU.ActiveCfg = Debug|iPhoneSimulator
		{3620ABBF-6D94-44A4-AE7B-C220A5F502BF}.Debug|Any CPU.Build.0 = Debug|iPhoneSimulator
		{3620ABBF-6D94-44A4-AE7B-C220A5F502BF}.Debug|Any CPU.Deploy.0 = Debug|iPhoneSimulator
		{3620ABBF-6D94-44A4-AE7B-C220A5F502BF}.Debug|ARM.ActiveCfg = Debug|iPhone
		{3620ABBF-6D94-44A4-AE7B-C220A5F502BF}.Debug|ARM.Build.0 = Debug|iPhone
		{3620ABBF-6D94-44A4-AE7B-C220A5F502BF}.Debug|ARM.Deploy.0 = Debug|iPhone
		{3620ABBF-6D94-44A4-AE7B-C220A5F502BF}.Debug|iPhone.ActiveCfg = Debug|iPhone
		{3620ABBF-6D94-44A4-AE7B-C220A5F502BF}.Debug|iPhone.Build.0 = Debug|iPhone
		{3620ABBF-6D94-44A4-AE7B-C220A5F502BF}.Debug|iPhone.Deploy.0 = Debug|iPhone
		{3620ABBF-6D94-44A4-AE7B-C220A5F502BF}.Debug|iPhoneSimulator.ActiveCfg = Debug|iPhoneSimulator
		{3620ABBF-6D94-44A4-AE7B-C220A5F502BF}.Debug|iPhoneSimulator.Build.0 = Debug|iPhoneSimulator
		{3620ABBF-6D94-44A4-AE7B-C220A5F502BF}.Debug|iPhoneSimulator.Deploy.0 = Debug|iPhoneSimulator
		{3620ABBF-6D94-44A4-AE7B-C220A5F502BF}.Debug|x64.ActiveCfg = Debug|iPhone
		{3620ABBF-6D94-44A4-AE7B-C220A5F502BF}.Debug|x64.Build.0 = Debug|iPhone
		{3620ABBF-6D94-44A4-AE7B-C220A5F502BF}.Debug|x64.Deploy.0 = Debug|iPhone
		{3620ABBF-6D94-44A4-AE7B-C220A5F502BF}.Debug|x86.ActiveCfg = Debug|iPhone
		{3620ABBF-6D94-44A4-AE7B-C220A5F502BF}.Debug|x86.Build.0 = Debug|iPhone
		{3620ABBF-6D94-44A4-AE7B-C220A5F502BF}.Debug|x86.Deploy.0 = Debug|iPhone
		{3620ABBF-6D94-44A4-AE7B-C220A5F502BF}.Release|Any CPU.ActiveCfg = Release|iPhone
		{3620ABBF-6D94-44A4-AE7B-C220A5F502BF}.Release|Any CPU.Build.0 = Release|iPhone
		{3620ABBF-6D94-44A4-AE7B-C220A5F502BF}.Release|Any CPU.Deploy.0 = Release|iPhone
		{3620ABBF-6D94-44A4-AE7B-C220A5F502BF}.Release|ARM.ActiveCfg = Release|iPhone
		{3620ABBF-6D94-44A4-AE7B-C220A5F502BF}.Release|ARM.Build.0 = Release|iPhone
		{3620ABBF-6D94-44A4-AE7B-C220A5F502BF}.Release|ARM.Deploy.0 = Release|iPhone
		{3620ABBF-6D94-44A4-AE7B-C220A5F502BF}.Release|iPhone.ActiveCfg = Release|iPhone
		{3620ABBF-6D94-44A4-AE7B-C220A5F502BF}.Release|iPhone.Build.0 = Release|iPhone
		{3620ABBF-6D94-44A4-AE7B-C220A5F502BF}.Release|iPhone.Deploy.0 = Release|iPhone
		{3620ABBF-6D94-44A4-AE7B-C220A5F502BF}.Release|iPhoneSimulator.ActiveCfg = Release|iPhoneSimulator
		{3620ABBF-6D94-44A4-AE7B-C220A5F502BF}.Release|iPhoneSimulator.Build.0 = Release|iPhoneSimulator
		{3620ABBF-6D94-44A4-AE7B-C220A5F502BF}.Release|iPhoneSimulator.Deploy.0 = Release|iPhoneSimulator
		{3620ABBF-6D94-44A4-AE7B-C220A5F502BF}.Release|x64.ActiveCfg = Release|iPhone
		{3620ABBF-6D94-44A4-AE7B-C220A5F502BF}.Release|x64.Build.0 = Release|iPhone
		{3620ABBF-6D94-44A4-AE7B-C220A5F502BF}.Release|x64.Deploy.0 = Release|iPhone
		{3620ABBF-6D94-44A4-AE7B-C220A5F502BF}.Release|x86.ActiveCfg = Release|iPhone
		{3620ABBF-6D94-44A4-AE7B-C220A5F502BF}.Release|x86.Build.0 = Release|iPhone
		{3620ABBF-6D94-44A4-AE7B-C220A5F502BF}.Release|x86.Deploy.0 = Release|iPhone
		{092FC647-1C1E-4329-AAF1-052571D82E86}.Ad-Hoc|Any CPU.ActiveCfg = Release|x86
		{092FC647-1C1E-4329-AAF1-052571D82E86}.Ad-Hoc|Any CPU.Build.0 = Release|x86
		{092FC647-1C1E-4329-AAF1-052571D82E86}.Ad-Hoc|Any CPU.Deploy.0 = Release|x86
		{092FC647-1C1E-4329-AAF1-052571D82E86}.Ad-Hoc|ARM.ActiveCfg = Release|ARM
		{092FC647-1C1E-4329-AAF1-052571D82E86}.Ad-Hoc|ARM.Build.0 = Release|ARM
		{092FC647-1C1E-4329-AAF1-052571D82E86}.Ad-Hoc|ARM.Deploy.0 = Release|ARM
		{092FC647-1C1E-4329-AAF1-052571D82E86}.Ad-Hoc|iPhone.ActiveCfg = Release|x86
		{092FC647-1C1E-4329-AAF1-052571D82E86}.Ad-Hoc|iPhone.Build.0 = Release|x86
		{092FC647-1C1E-4329-AAF1-052571D82E86}.Ad-Hoc|iPhone.Deploy.0 = Release|x86
		{092FC647-1C1E-4329-AAF1-052571D82E86}.Ad-Hoc|iPhoneSimulator.ActiveCfg = Release|x86
		{092FC647-1C1E-4329-AAF1-052571D82E86}.Ad-Hoc|iPhoneSimulator.Build.0 = Release|x86
		{092FC647-1C1E-4329-AAF1-052571D82E86}.Ad-Hoc|iPhoneSimulator.Deploy.0 = Release|x86
		{092FC647-1C1E-4329-AAF1-052571D82E86}.Ad-Hoc|x64.ActiveCfg = Release|x64
		{092FC647-1C1E-4329-AAF1-052571D82E86}.Ad-Hoc|x64.Build.0 = Release|x64
		{092FC647-1C1E-4329-AAF1-052571D82E86}.Ad-Hoc|x64.Deploy.0 = Release|x64
		{092FC647-1C1E-4329-AAF1-052571D82E86}.Ad-Hoc|x86.ActiveCfg = Release|x86
		{092FC647-1C1E-4329-AAF1-052571D82E86}.Ad-Hoc|x86.Build.0 = Release|x86
		{092FC647-1C1E-4329-AAF1-052571D82E86}.Ad-Hoc|x86.Deploy.0 = Release|x86
		{092FC647-1C1E-4329-AAF1-052571D82E86}.AppStore|Any CPU.ActiveCfg = Release|x86
		{092FC647-1C1E-4329-AAF1-052571D82E86}.AppStore|Any CPU.Build.0 = Release|x86
		{092FC647-1C1E-4329-AAF1-052571D82E86}.AppStore|Any CPU.Deploy.0 = Release|x86
		{092FC647-1C1E-4329-AAF1-052571D82E86}.AppStore|ARM.ActiveCfg = Release|ARM
		{092FC647-1C1E-4329-AAF1-052571D82E86}.AppStore|ARM.Build.0 = Release|ARM
		{092FC647-1C1E-4329-AAF1-052571D82E86}.AppStore|ARM.Deploy.0 = Release|ARM
		{092FC647-1C1E-4329-AAF1-052571D82E86}.AppStore|iPhone.ActiveCfg = Release|x86
		{092FC647-1C1E-4329-AAF1-052571D82E86}.AppStore|iPhone.Build.0 = Release|x86
		{092FC647-1C1E-4329-AAF1-052571D82E86}.AppStore|iPhone.Deploy.0 = Release|x86
		{092FC647-1C1E-4329-AAF1-052571D82E86}.AppStore|iPhoneSimulator.ActiveCfg = Release|x86
		{092FC647-1C1E-4329-AAF1-052571D82E86}.AppStore|iPhoneSimulator.Build.0 = Release|x86
		{092FC647-1C1E-4329-AAF1-052571D82E86}.AppStore|iPhoneSimulator.Deploy.0 = Release|x86
		{092FC647-1C1E-4329-AAF1-052571D82E86}.AppStore|x64.ActiveCfg = Release|x64
		{092FC647-1C1E-4329-AAF1-052571D82E86}.AppStore|x64.Build.0 = Release|x64
		{092FC647-1C1E-4329-AAF1-052571D82E86}.AppStore|x64.Deploy.0 = Release|x64
		{092FC647-1C1E-4329-AAF1-052571D82E86}.AppStore|x86.ActiveCfg = Release|x86
		{092FC647-1C1E-4329-AAF1-052571D82E86}.AppStore|x86.Build.0 = Release|x86
		{092FC647-1C1E-4329-AAF1-052571D82E86}.AppStore|x86.Deploy.0 = Release|x86
		{092FC647-1C1E-4329-AAF1-052571D82E86}.Debug|Any CPU.ActiveCfg = Debug|x86
		{092FC647-1C1E-4329-AAF1-052571D82E86}.Debug|Any CPU.Build.0 = Debug|x86
		{092FC647-1C1E-4329-AAF1-052571D82E86}.Debug|Any CPU.Deploy.0 = Debug|x86
		{092FC647-1C1E-4329-AAF1-052571D82E86}.Debug|ARM.ActiveCfg = Debug|ARM
		{092FC647-1C1E-4329-AAF1-052571D82E86}.Debug|ARM.Build.0 = Debug|ARM
		{092FC647-1C1E-4329-AAF1-052571D82E86}.Debug|ARM.Deploy.0 = Debug|ARM
		{092FC647-1C1E-4329-AAF1-052571D82E86}.Debug|iPhone.ActiveCfg = Debug|x86
		{092FC647-1C1E-4329-AAF1-052571D82E86}.Debug|iPhone.Build.0 = Debug|x86
		{092FC647-1C1E-4329-AAF1-052571D82E86}.Debug|iPhone.Deploy.0 = Debug|x86
		{092FC647-1C1E-4329-AAF1-052571D82E86}.Debug|iPhoneSimulator.ActiveCfg = Debug|x86
		{092FC647-1C1E-4329-AAF1-052571D82E86}.Debug|iPhoneSimulator.Build.0 = Debug|x86
		{092FC647-1C1E-4329-AAF1-052571D82E86}.Debug|iPhoneSimulator.Deploy.0 = Debug|x86
		{092FC647-1C1E-4329-AAF1-052571D82E86}.Debug|x64.ActiveCfg = Debug|x64
		{092FC647-1C1E-4329-AAF1-052571D82E86}.Debug|x64.Build.0 = Debug|x64
		{092FC647-1C1E-4329-AAF1-052571D82E86}.Debug|x64.Deploy.0 = Debug|x64
		{092FC647-1C1E-4329-AAF1-052571D82E86}.Debug|x86.ActiveCfg = Debug|x86
		{092FC647-1C1E-4329-AAF1-052571D82E86}.Debug|x86.Build.0 = Debug|x86
		{092FC647-1C1E-4329-AAF1-052571D82E86}.Debug|x86.Deploy.0 = Debug|x86
		{092FC647-1C1E-4329-AAF1-052571D82E86}.Release|Any CPU.ActiveCfg = Release|x86
		{092FC647-1C1E-4329-AAF1-052571D82E86}.Release|Any CPU.Build.0 = Release|x86
		{092FC647-1C1E-4329-AAF1-052571D82E86}.Release|Any CPU.Deploy.0 = Release|x86
		{092FC647-1C1E-4329-AAF1-052571D82E86}.Release|ARM.ActiveCfg = Release|ARM
		{092FC647-1C1E-4329-AAF1-052571D82E86}.Release|ARM.Build.0 = Release|ARM
		{092FC647-1C1E-4329-AAF1-052571D82E86}.Release|ARM.Deploy.0 = Release|ARM
		{092FC647-1C1E-4329-AAF1-052571D82E86}.Release|iPhone.ActiveCfg = Release|x86
		{092FC647-1C1E-4329-AAF1-052571D82E86}.Release|iPhone.Build.0 = Release|x86
		{092FC647-1C1E-4329-AAF1-052571D82E86}.Release|iPhone.Deploy.0 = Release|x86
		{092FC647-1C1E-4329-AAF1-052571D82E86}.Release|iPhoneSimulator.ActiveCfg = Release|x86
		{092FC647-1C1E-4329-AAF1-052571D82E86}.Release|iPhoneSimulator.Build.0 = Release|x86
		{092FC647-1C1E-4329-AAF1-052571D82E86}.Release|iPhoneSimulator.Deploy.0 = Release|x86
		{092FC647-1C1E-4329-AAF1-052571D82E86}.Release|x64.ActiveCfg = Release|x64
		{092FC647-1C1E-4329-AAF1-052571D82E86}.Release|x64.Build.0 = Release|x64
		{092FC647-1C1E-4329-AAF1-052571D82E86}.Release|x64.Deploy.0 = Release|x64
		{092FC647-1C1E-4329-AAF1-052571D82E86}.Release|x86.ActiveCfg = Release|x86
		{092FC647-1C1E-4329-AAF1-052571D82E86}.Release|x86.Build.0 = Release|x86
		{092FC647-1C1E-4329-AAF1-052571D82E86}.Release|x86.Deploy.0 = Release|x86
		{B6989F8B-FCD6-4467-8BE7-CCBCE05ABF15}.Ad-Hoc|Any CPU.ActiveCfg = Debug|Any CPU
		{B6989F8B-FCD6-4467-8BE7-CCBCE05ABF15}.Ad-Hoc|Any CPU.Build.0 = Debug|Any CPU
		{B6989F8B-FCD6-4467-8BE7-CCBCE05ABF15}.Ad-Hoc|Any CPU.Deploy.0 = Debug|Any CPU
		{B6989F8B-FCD6-4467-8BE7-CCBCE05ABF15}.Ad-Hoc|ARM.ActiveCfg = Debug|Any CPU
		{B6989F8B-FCD6-4467-8BE7-CCBCE05ABF15}.Ad-Hoc|ARM.Build.0 = Debug|Any CPU
		{B6989F8B-FCD6-4467-8BE7-CCBCE05ABF15}.Ad-Hoc|ARM.Deploy.0 = Debug|Any CPU
		{B6989F8B-FCD6-4467-8BE7-CCBCE05ABF15}.Ad-Hoc|iPhone.ActiveCfg = Debug|Any CPU
		{B6989F8B-FCD6-4467-8BE7-CCBCE05ABF15}.Ad-Hoc|iPhone.Build.0 = Debug|Any CPU
		{B6989F8B-FCD6-4467-8BE7-CCBCE05ABF15}.Ad-Hoc|iPhone.Deploy.0 = Debug|Any CPU
		{B6989F8B-FCD6-4467-8BE7-CCBCE05ABF15}.Ad-Hoc|iPhoneSimulator.ActiveCfg = Debug|Any CPU
		{B6989F8B-FCD6-4467-8BE7-CCBCE05ABF15}.Ad-Hoc|iPhoneSimulator.Build.0 = Debug|Any CPU
		{B6989F8B-FCD6-4467-8BE7-CCBCE05ABF15}.Ad-Hoc|iPhoneSimulator.Deploy.0 = Debug|Any CPU
		{B6989F8B-FCD6-4467-8BE7-CCBCE05ABF15}.Ad-Hoc|x64.ActiveCfg = Debug|Any CPU
		{B6989F8B-FCD6-4467-8BE7-CCBCE05ABF15}.Ad-Hoc|x64.Build.0 = Debug|Any CPU
		{B6989F8B-FCD6-4467-8BE7-CCBCE05ABF15}.Ad-Hoc|x64.Deploy.0 = Debug|Any CPU
		{B6989F8B-FCD6-4467-8BE7-CCBCE05ABF15}.Ad-Hoc|x86.ActiveCfg = Debug|Any CPU
		{B6989F8B-FCD6-4467-8BE7-CCBCE05ABF15}.Ad-Hoc|x86.Build.0 = Debug|Any CPU
		{B6989F8B-FCD6-4467-8BE7-CCBCE05ABF15}.Ad-Hoc|x86.Deploy.0 = Debug|Any CPU
		{B6989F8B-FCD6-4467-8BE7-CCBCE05ABF15}.AppStore|Any CPU.ActiveCfg = Debug|Any CPU
		{B6989F8B-FCD6-4467-8BE7-CCBCE05ABF15}.AppStore|Any CPU.Build.0 = Debug|Any CPU
		{B6989F8B-FCD6-4467-8BE7-CCBCE05ABF15}.AppStore|Any CPU.Deploy.0 = Debug|Any CPU
		{B6989F8B-FCD6-4467-8BE7-CCBCE05ABF15}.AppStore|ARM.ActiveCfg = Debug|Any CPU
		{B6989F8B-FCD6-4467-8BE7-CCBCE05ABF15}.AppStore|ARM.Build.0 = Debug|Any CPU
		{B6989F8B-FCD6-4467-8BE7-CCBCE05ABF15}.AppStore|ARM.Deploy.0 = Debug|Any CPU
		{B6989F8B-FCD6-4467-8BE7-CCBCE05ABF15}.AppStore|iPhone.ActiveCfg = Debug|Any CPU
		{B6989F8B-FCD6-4467-8BE7-CCBCE05ABF15}.AppStore|iPhone.Build.0 = Debug|Any CPU
		{B6989F8B-FCD6-4467-8BE7-CCBCE05ABF15}.AppStore|iPhone.Deploy.0 = Debug|Any CPU
		{B6989F8B-FCD6-4467-8BE7-CCBCE05ABF15}.AppStore|iPhoneSimulator.ActiveCfg = Debug|Any CPU
		{B6989F8B-FCD6-4467-8BE7-CCBCE05ABF15}.AppStore|iPhoneSimulator.Build.0 = Debug|Any CPU
		{B6989F8B-FCD6-4467-8BE7-CCBCE05ABF15}.AppStore|iPhoneSimulator.Deploy.0 = Debug|Any CPU
		{B6989F8B-FCD6-4467-8BE7-CCBCE05ABF15}.AppStore|x64.ActiveCfg = Debug|Any CPU
		{B6989F8B-FCD6-4467-8BE7-CCBCE05ABF15}.AppStore|x64.Build.0 = Debug|Any CPU
		{B6989F8B-FCD6-4467-8BE7-CCBCE05ABF15}.AppStore|x64.Deploy.0 = Debug|Any CPU
		{B6989F8B-FCD6-4467-8BE7-CCBCE05ABF15}.AppStore|x86.ActiveCfg = Debug|Any CPU
		{B6989F8B-FCD6-4467-8BE7-CCBCE05ABF15}.AppStore|x86.Build.0 = Debug|Any CPU
		{B6989F8B-FCD6-4467-8BE7-CCBCE05ABF15}.AppStore|x86.Deploy.0 = Debug|Any CPU
		{B6989F8B-FCD6-4467-8BE7-CCBCE05ABF15}.Debug|Any CPU.ActiveCfg = Debug|Any CPU
		{B6989F8B-FCD6-4467-8BE7-CCBCE05ABF15}.Debug|Any CPU.Build.0 = Debug|Any CPU
		{B6989F8B-FCD6-4467-8BE7-CCBCE05ABF15}.Debug|Any CPU.Deploy.0 = Debug|Any CPU
		{B6989F8B-FCD6-4467-8BE7-CCBCE05ABF15}.Debug|ARM.ActiveCfg = Debug|Any CPU
		{B6989F8B-FCD6-4467-8BE7-CCBCE05ABF15}.Debug|ARM.Build.0 = Debug|Any CPU
		{B6989F8B-FCD6-4467-8BE7-CCBCE05ABF15}.Debug|ARM.Deploy.0 = Debug|Any CPU
		{B6989F8B-FCD6-4467-8BE7-CCBCE05ABF15}.Debug|iPhone.ActiveCfg = Debug|Any CPU
		{B6989F8B-FCD6-4467-8BE7-CCBCE05ABF15}.Debug|iPhone.Build.0 = Debug|Any CPU
		{B6989F8B-FCD6-4467-8BE7-CCBCE05ABF15}.Debug|iPhone.Deploy.0 = Debug|Any CPU
		{B6989F8B-FCD6-4467-8BE7-CCBCE05ABF15}.Debug|iPhoneSimulator.ActiveCfg = Debug|Any CPU
		{B6989F8B-FCD6-4467-8BE7-CCBCE05ABF15}.Debug|iPhoneSimulator.Build.0 = Debug|Any CPU
		{B6989F8B-FCD6-4467-8BE7-CCBCE05ABF15}.Debug|iPhoneSimulator.Deploy.0 = Debug|Any CPU
		{B6989F8B-FCD6-4467-8BE7-CCBCE05ABF15}.Debug|x64.ActiveCfg = Debug|Any CPU
		{B6989F8B-FCD6-4467-8BE7-CCBCE05ABF15}.Debug|x64.Build.0 = Debug|Any CPU
		{B6989F8B-FCD6-4467-8BE7-CCBCE05ABF15}.Debug|x64.Deploy.0 = Debug|Any CPU
		{B6989F8B-FCD6-4467-8BE7-CCBCE05ABF15}.Debug|x86.ActiveCfg = Debug|Any CPU
		{B6989F8B-FCD6-4467-8BE7-CCBCE05ABF15}.Debug|x86.Build.0 = Debug|Any CPU
		{B6989F8B-FCD6-4467-8BE7-CCBCE05ABF15}.Debug|x86.Deploy.0 = Debug|Any CPU
		{B6989F8B-FCD6-4467-8BE7-CCBCE05ABF15}.Release|Any CPU.ActiveCfg = Release|Any CPU
		{B6989F8B-FCD6-4467-8BE7-CCBCE05ABF15}.Release|Any CPU.Build.0 = Release|Any CPU
		{B6989F8B-FCD6-4467-8BE7-CCBCE05ABF15}.Release|Any CPU.Deploy.0 = Release|Any CPU
		{B6989F8B-FCD6-4467-8BE7-CCBCE05ABF15}.Release|ARM.ActiveCfg = Release|Any CPU
		{B6989F8B-FCD6-4467-8BE7-CCBCE05ABF15}.Release|ARM.Build.0 = Release|Any CPU
		{B6989F8B-FCD6-4467-8BE7-CCBCE05ABF15}.Release|ARM.Deploy.0 = Release|Any CPU
		{B6989F8B-FCD6-4467-8BE7-CCBCE05ABF15}.Release|iPhone.ActiveCfg = Release|Any CPU
		{B6989F8B-FCD6-4467-8BE7-CCBCE05ABF15}.Release|iPhone.Build.0 = Release|Any CPU
		{B6989F8B-FCD6-4467-8BE7-CCBCE05ABF15}.Release|iPhone.Deploy.0 = Release|Any CPU
		{B6989F8B-FCD6-4467-8BE7-CCBCE05ABF15}.Release|iPhoneSimulator.ActiveCfg = Release|Any CPU
		{B6989F8B-FCD6-4467-8BE7-CCBCE05ABF15}.Release|iPhoneSimulator.Build.0 = Release|Any CPU
		{B6989F8B-FCD6-4467-8BE7-CCBCE05ABF15}.Release|iPhoneSimulator.Deploy.0 = Release|Any CPU
		{B6989F8B-FCD6-4467-8BE7-CCBCE05ABF15}.Release|x64.ActiveCfg = Release|Any CPU
		{B6989F8B-FCD6-4467-8BE7-CCBCE05ABF15}.Release|x64.Build.0 = Release|Any CPU
		{B6989F8B-FCD6-4467-8BE7-CCBCE05ABF15}.Release|x64.Deploy.0 = Release|Any CPU
		{B6989F8B-FCD6-4467-8BE7-CCBCE05ABF15}.Release|x86.ActiveCfg = Release|Any CPU
		{B6989F8B-FCD6-4467-8BE7-CCBCE05ABF15}.Release|x86.Build.0 = Release|Any CPU
		{B6989F8B-FCD6-4467-8BE7-CCBCE05ABF15}.Release|x86.Deploy.0 = Release|Any CPU
	EndGlobalSection
	GlobalSection(SolutionProperties) = preSolution
		HideSolutionNode = FALSE
	EndGlobalSection
	GlobalSection(ExtensibilityGlobals) = postSolution
		SolutionGuid = {B5D26B2B-1309-4F0C-91A0-A6614D6576F8}
	EndGlobalSection
EndGlobal
